
Microsoft Visual Studio Solution File, Format Version 12.00
# Visual Studio 15
VisualStudioVersion = 15.0.28307.329
MinimumVisualStudioVersion = 10.0.40219.1
Project("{FAE04EC0-301F-11D3-BF4B-00C04F79EFBC}") = "CreatePi", "CreatePi\CreatePi.csproj", "{3F540CEB-26F1-4551-83C7-601255CD2D59}"
EndProject
Global
	GlobalSection(SolutionConfigurationPlatforms) = preSolution
		Debug|Any CPU = Debug|Any CPU
		Release|Any CPU = Release|Any CPU
	EndGlobalSection
	GlobalSection(ProjectConfigurationPlatforms) = postSolution
		{3F540CEB-26F1-4551-83C7-601255CD2D59}.Debug|Any CPU.ActiveCfg = Debug|Any CPU
		{3F540CEB-26F1-4551-83C7-601255CD2D59}.Debug|Any CPU.Build.0 = Debug|Any CPU
		{3F540CEB-26F1-4551-83C7-601255CD2D59}.Release|Any CPU.ActiveCfg = Release|Any CPU
		{3F540CEB-26F1-4551-83C7-601255CD2D59}.Release|Any CPU.Build.0 = Release|Any CPU
	EndGlobalSection
	GlobalSection(SolutionProperties) = preSolution
		HideSolutionNode = FALSE
	EndGlobalSection
	GlobalSection(ExtensibilityGlobals) = postSolution
		SolutionGuid = {E4AD0499-84CA-40E1-B41E-66E2BC437EFE}
	EndGlobalSection
EndGlobal
