
Microsoft Visual Studio Solution File, Format Version 12.00
# Visual Studio Version 16
VisualStudioVersion = 16.0.29519.181
MinimumVisualStudioVersion = 10.0.40219.1
Project("{FAE04EC0-301F-11D3-BF4B-00C04F79EFBC}") = "Snake", "Snake.csproj", "{AC0011B2-2C54-41CC-A249-EB89CCBB9913}"
EndProject
Global
	GlobalSection(SolutionConfigurationPlatforms) = preSolution
		Debug|Any CPU = Debug|Any CPU
		Release|Any CPU = Release|Any CPU
	EndGlobalSection
	GlobalSection(ProjectConfigurationPlatforms) = postSolution
		{AC0011B2-2C54-41CC-A249-EB89CCBB9913}.Debug|Any CPU.ActiveCfg = Debug|Any CPU
		{AC0011B2-2C54-41CC-A249-EB89CCBB9913}.Debug|Any CPU.Build.0 = Debug|Any CPU
		{AC0011B2-2C54-41CC-A249-EB89CCBB9913}.Release|Any CPU.ActiveCfg = Release|Any CPU
		{AC0011B2-2C54-41CC-A249-EB89CCBB9913}.Release|Any CPU.Build.0 = Release|Any CPU
	EndGlobalSection
	GlobalSection(SolutionProperties) = preSolution
		HideSolutionNode = FALSE
	EndGlobalSection
	GlobalSection(ExtensibilityGlobals) = postSolution
		SolutionGuid = {4CF8C569-F515-4C93-A986-C845C9356C1F}
	EndGlobalSection
EndGlobal
