
Microsoft Visual Studio Solution File, Format Version 12.00
# Visual Studio Version 16
VisualStudioVersion = 16.0.29306.81
MinimumVisualStudioVersion = 10.0.40219.1
Project("{FAE04EC0-301F-11D3-BF4B-00C04F79EFBC}") = "RPG", "RPG.csproj", "{4CAFEFAD-4481-498F-BF9E-6E8059A0B7B6}"
EndProject
Global
	GlobalSection(SolutionConfigurationPlatforms) = preSolution
		Debug|Any CPU = Debug|Any CPU
		Release|Any CPU = Release|Any CPU
	EndGlobalSection
	GlobalSection(ProjectConfigurationPlatforms) = postSolution
		{4CAFEFAD-4481-498F-BF9E-6E8059A0B7B6}.Debug|Any CPU.ActiveCfg = Debug|Any CPU
		{4CAFEFAD-4481-498F-BF9E-6E8059A0B7B6}.Debug|Any CPU.Build.0 = Debug|Any CPU
		{4CAFEFAD-4481-498F-BF9E-6E8059A0B7B6}.Release|Any CPU.ActiveCfg = Release|Any CPU
		{4CAFEFAD-4481-498F-BF9E-6E8059A0B7B6}.Release|Any CPU.Build.0 = Release|Any CPU
	EndGlobalSection
	GlobalSection(SolutionProperties) = preSolution
		HideSolutionNode = FALSE
	EndGlobalSection
	GlobalSection(ExtensibilityGlobals) = postSolution
		SolutionGuid = {05CC4C74-3470-4037-97A5-76C82B8212E1}
	EndGlobalSection
EndGlobal
