
Microsoft Visual Studio Solution File, Format Version 12.00
# Visual Studio 15
VisualStudioVersion = 15.0.28307.329
MinimumVisualStudioVersion = 10.0.40219.1
Project("{FAE04EC0-301F-11D3-BF4B-00C04F79EFBC}") = "Counting sort", "Counting sort\Counting sort.csproj", "{194FBC3C-6122-4E18-9FB9-A7F2702FF49C}"
EndProject
Global
	GlobalSection(SolutionConfigurationPlatforms) = preSolution
		Debug|Any CPU = Debug|Any CPU
		Release|Any CPU = Release|Any CPU
	EndGlobalSection
	GlobalSection(ProjectConfigurationPlatforms) = postSolution
		{194FBC3C-6122-4E18-9FB9-A7F2702FF49C}.Debug|Any CPU.ActiveCfg = Debug|Any CPU
		{194FBC3C-6122-4E18-9FB9-A7F2702FF49C}.Debug|Any CPU.Build.0 = Debug|Any CPU
		{194FBC3C-6122-4E18-9FB9-A7F2702FF49C}.Release|Any CPU.ActiveCfg = Release|Any CPU
		{194FBC3C-6122-4E18-9FB9-A7F2702FF49C}.Release|Any CPU.Build.0 = Release|Any CPU
	EndGlobalSection
	GlobalSection(SolutionProperties) = preSolution
		HideSolutionNode = FALSE
	EndGlobalSection
	GlobalSection(ExtensibilityGlobals) = postSolution
		SolutionGuid = {AEB61681-0A42-4057-AAF0-85C4A0399AC0}
	EndGlobalSection
EndGlobal
