
Microsoft Visual Studio Solution File, Format Version 12.00
# Visual Studio Version 16
VisualStudioVersion = 16.0.29306.81
MinimumVisualStudioVersion = 10.0.40219.1
Project("{FAE04EC0-301F-11D3-BF4B-00C04F79EFBC}") = "Largest product in a grid", "Largest product in a grid.csproj", "{9C5992E1-7D63-474D-BBB6-A7017E1EAEA7}"
EndProject
Global
	GlobalSection(SolutionConfigurationPlatforms) = preSolution
		Debug|Any CPU = Debug|Any CPU
		Release|Any CPU = Release|Any CPU
	EndGlobalSection
	GlobalSection(ProjectConfigurationPlatforms) = postSolution
		{9C5992E1-7D63-474D-BBB6-A7017E1EAEA7}.Debug|Any CPU.ActiveCfg = Debug|Any CPU
		{9C5992E1-7D63-474D-BBB6-A7017E1EAEA7}.Debug|Any CPU.Build.0 = Debug|Any CPU
		{9C5992E1-7D63-474D-BBB6-A7017E1EAEA7}.Release|Any CPU.ActiveCfg = Release|Any CPU
		{9C5992E1-7D63-474D-BBB6-A7017E1EAEA7}.Release|Any CPU.Build.0 = Release|Any CPU
	EndGlobalSection
	GlobalSection(SolutionProperties) = preSolution
		HideSolutionNode = FALSE
	EndGlobalSection
	GlobalSection(ExtensibilityGlobals) = postSolution
		SolutionGuid = {1012DE88-E4BF-4FD7-A0F4-9CE64067F0C7}
	EndGlobalSection
EndGlobal
