
Microsoft Visual Studio Solution File, Format Version 12.00
# Visual Studio Version 16
VisualStudioVersion = 16.0.30413.136
MinimumVisualStudioVersion = 10.0.40219.1
Project("{FAE04EC0-301F-11D3-BF4B-00C04F79EFBC}") = "BlazorApp1", "BlazorApp1.csproj", "{FDEBCBBE-6673-42CA-98C3-08A05CF9552A}"
EndProject
Global
	GlobalSection(SolutionConfigurationPlatforms) = preSolution
		Debug|Any CPU = Debug|Any CPU
		Release|Any CPU = Release|Any CPU
	EndGlobalSection
	GlobalSection(ProjectConfigurationPlatforms) = postSolution
		{FDEBCBBE-6673-42CA-98C3-08A05CF9552A}.Debug|Any CPU.ActiveCfg = Debug|Any CPU
		{FDEBCBBE-6673-42CA-98C3-08A05CF9552A}.Debug|Any CPU.Build.0 = Debug|Any CPU
		{FDEBCBBE-6673-42CA-98C3-08A05CF9552A}.Release|Any CPU.ActiveCfg = Release|Any CPU
		{FDEBCBBE-6673-42CA-98C3-08A05CF9552A}.Release|Any CPU.Build.0 = Release|Any CPU
	EndGlobalSection
	GlobalSection(SolutionProperties) = preSolution
		HideSolutionNode = FALSE
	EndGlobalSection
	GlobalSection(ExtensibilityGlobals) = postSolution
		SolutionGuid = {B225AAF2-662E-430C-AAC3-ECDAB0F898DB}
	EndGlobalSection
EndGlobal
