
Microsoft Visual Studio Solution File, Format Version 12.00
# Visual Studio Version 16
VisualStudioVersion = 16.0.29509.3
MinimumVisualStudioVersion = 10.0.40219.1
Project("{FAE04EC0-301F-11D3-BF4B-00C04F79EFBC}") = "Power digit sum", "Power digit sum.csproj", "{2CB95C7E-F998-4844-B867-FDB7DEA3D597}"
EndProject
Global
	GlobalSection(SolutionConfigurationPlatforms) = preSolution
		Debug|Any CPU = Debug|Any CPU
		Release|Any CPU = Release|Any CPU
	EndGlobalSection
	GlobalSection(ProjectConfigurationPlatforms) = postSolution
		{2CB95C7E-F998-4844-B867-FDB7DEA3D597}.Debug|Any CPU.ActiveCfg = Debug|Any CPU
		{2CB95C7E-F998-4844-B867-FDB7DEA3D597}.Debug|Any CPU.Build.0 = Debug|Any CPU
		{2CB95C7E-F998-4844-B867-FDB7DEA3D597}.Release|Any CPU.ActiveCfg = Release|Any CPU
		{2CB95C7E-F998-4844-B867-FDB7DEA3D597}.Release|Any CPU.Build.0 = Release|Any CPU
	EndGlobalSection
	GlobalSection(SolutionProperties) = preSolution
		HideSolutionNode = FALSE
	EndGlobalSection
	GlobalSection(ExtensibilityGlobals) = postSolution
		SolutionGuid = {FA8A6075-108B-4E75-A56A-B80347B58E21}
	EndGlobalSection
EndGlobal
