
Microsoft Visual Studio Solution File, Format Version 12.00
# Visual Studio Version 16
VisualStudioVersion = 16.0.28803.202
MinimumVisualStudioVersion = 10.0.40219.1
Project("{FAE04EC0-301F-11D3-BF4B-00C04F79EFBC}") = "Writing Python", "Writing Python\Writing Python.csproj", "{4EC47259-CD2D-466D-BA22-08F2BF276441}"
EndProject
Global
	GlobalSection(SolutionConfigurationPlatforms) = preSolution
		Debug|Any CPU = Debug|Any CPU
		Release|Any CPU = Release|Any CPU
	EndGlobalSection
	GlobalSection(ProjectConfigurationPlatforms) = postSolution
		{4EC47259-CD2D-466D-BA22-08F2BF276441}.Debug|Any CPU.ActiveCfg = Debug|Any CPU
		{4EC47259-CD2D-466D-BA22-08F2BF276441}.Debug|Any CPU.Build.0 = Debug|Any CPU
		{4EC47259-CD2D-466D-BA22-08F2BF276441}.Release|Any CPU.ActiveCfg = Release|Any CPU
		{4EC47259-CD2D-466D-BA22-08F2BF276441}.Release|Any CPU.Build.0 = Release|Any CPU
	EndGlobalSection
	GlobalSection(SolutionProperties) = preSolution
		HideSolutionNode = FALSE
	EndGlobalSection
	GlobalSection(ExtensibilityGlobals) = postSolution
		SolutionGuid = {556B9C59-A013-48B9-9283-36E8B33A54B7}
	EndGlobalSection
EndGlobal
