
Microsoft Visual Studio Solution File, Format Version 12.00
# Visual Studio Version 16
VisualStudioVersion = 16.0.29306.81
MinimumVisualStudioVersion = 10.0.40219.1
Project("{FAE04EC0-301F-11D3-BF4B-00C04F79EFBC}") = "Highly divisible triangular number", "Highly divisible triangular number.csproj", "{E31F0098-A8B7-496D-A07D-2036C4A1B992}"
EndProject
Global
	GlobalSection(SolutionConfigurationPlatforms) = preSolution
		Debug|Any CPU = Debug|Any CPU
		Release|Any CPU = Release|Any CPU
	EndGlobalSection
	GlobalSection(ProjectConfigurationPlatforms) = postSolution
		{E31F0098-A8B7-496D-A07D-2036C4A1B992}.Debug|Any CPU.ActiveCfg = Debug|Any CPU
		{E31F0098-A8B7-496D-A07D-2036C4A1B992}.Debug|Any CPU.Build.0 = Debug|Any CPU
		{E31F0098-A8B7-496D-A07D-2036C4A1B992}.Release|Any CPU.ActiveCfg = Release|Any CPU
		{E31F0098-A8B7-496D-A07D-2036C4A1B992}.Release|Any CPU.Build.0 = Release|Any CPU
	EndGlobalSection
	GlobalSection(SolutionProperties) = preSolution
		HideSolutionNode = FALSE
	EndGlobalSection
	GlobalSection(ExtensibilityGlobals) = postSolution
		SolutionGuid = {F559C49E-23DB-425C-A169-F1030182E46A}
	EndGlobalSection
EndGlobal
