
Microsoft Visual Studio Solution File, Format Version 12.00
# Visual Studio Version 16
VisualStudioVersion = 16.0.29306.81
MinimumVisualStudioVersion = 10.0.40219.1
Project("{FAE04EC0-301F-11D3-BF4B-00C04F79EFBC}") = "Large sum", "Large sum.csproj", "{5506F803-49CE-4DE1-A6D5-9E32002B0091}"
EndProject
Global
	GlobalSection(SolutionConfigurationPlatforms) = preSolution
		Debug|Any CPU = Debug|Any CPU
		Release|Any CPU = Release|Any CPU
	EndGlobalSection
	GlobalSection(ProjectConfigurationPlatforms) = postSolution
		{5506F803-49CE-4DE1-A6D5-9E32002B0091}.Debug|Any CPU.ActiveCfg = Debug|Any CPU
		{5506F803-49CE-4DE1-A6D5-9E32002B0091}.Debug|Any CPU.Build.0 = Debug|Any CPU
		{5506F803-49CE-4DE1-A6D5-9E32002B0091}.Release|Any CPU.ActiveCfg = Release|Any CPU
		{5506F803-49CE-4DE1-A6D5-9E32002B0091}.Release|Any CPU.Build.0 = Release|Any CPU
	EndGlobalSection
	GlobalSection(SolutionProperties) = preSolution
		HideSolutionNode = FALSE
	EndGlobalSection
	GlobalSection(ExtensibilityGlobals) = postSolution
		SolutionGuid = {09F90756-1336-4C2A-B618-4CCECD720C8E}
	EndGlobalSection
EndGlobal
